
Microsoft Visual Studio Solution File, Format Version 12.00
# Visual Studio Version 17
VisualStudioVersion = 17.3.32825.248
MinimumVisualStudioVersion = 10.0.40219.1
Project("{FAE04EC0-301F-11D3-BF4B-00C04F79EFBC}") = "WiredBrainCoffee.DataProcessor", "WiredBrainCoffee.DataProcessor\WiredBrainCoffee.DataProcessor.csproj", "{186D503D-31FC-4950-A5BB-0F37A91A902A}"
EndProject
Project("{FAE04EC0-301F-11D3-BF4B-00C04F79EFBC}") = "WiredBrainCoffe.DataProcessor.Tests", "WiredBrainCoffe.DataProcessor.Tests\WiredBrainCoffe.DataProcessor.Tests.csproj", "{769FAE59-C94D-4157-A08D-0DFE4CA9D134}"
EndProject
Global
	GlobalSection(SolutionConfigurationPlatforms) = preSolution
		Debug|Any CPU = Debug|Any CPU
		Debug|x64 = Debug|x64
		Debug|x86 = Debug|x86
		Release|Any CPU = Release|Any CPU
		Release|x64 = Release|x64
		Release|x86 = Release|x86
	EndGlobalSection
	GlobalSection(ProjectConfigurationPlatforms) = postSolution
		{186D503D-31FC-4950-A5BB-0F37A91A902A}.Debug|Any CPU.ActiveCfg = Debug|Any CPU
		{186D503D-31FC-4950-A5BB-0F37A91A902A}.Debug|Any CPU.Build.0 = Debug|Any CPU
		{186D503D-31FC-4950-A5BB-0F37A91A902A}.Debug|x64.ActiveCfg = Debug|Any CPU
		{186D503D-31FC-4950-A5BB-0F37A91A902A}.Debug|x64.Build.0 = Debug|Any CPU
		{186D503D-31FC-4950-A5BB-0F37A91A902A}.Debug|x86.ActiveCfg = Debug|Any CPU
		{186D503D-31FC-4950-A5BB-0F37A91A902A}.Debug|x86.Build.0 = Debug|Any CPU
		{186D503D-31FC-4950-A5BB-0F37A91A902A}.Release|Any CPU.ActiveCfg = Release|Any CPU
		{186D503D-31FC-4950-A5BB-0F37A91A902A}.Release|Any CPU.Build.0 = Release|Any CPU
		{186D503D-31FC-4950-A5BB-0F37A91A902A}.Release|x64.ActiveCfg = Release|Any CPU
		{186D503D-31FC-4950-A5BB-0F37A91A902A}.Release|x64.Build.0 = Release|Any CPU
		{186D503D-31FC-4950-A5BB-0F37A91A902A}.Release|x86.ActiveCfg = Release|Any CPU
		{186D503D-31FC-4950-A5BB-0F37A91A902A}.Release|x86.Build.0 = Release|Any CPU
		{769FAE59-C94D-4157-A08D-0DFE4CA9D134}.Debug|Any CPU.ActiveCfg = Debug|Any CPU
		{769FAE59-C94D-4157-A08D-0DFE4CA9D134}.Debug|Any CPU.Build.0 = Debug|Any CPU
		{769FAE59-C94D-4157-A08D-0DFE4CA9D134}.Debug|x64.ActiveCfg = Debug|Any CPU
		{769FAE59-C94D-4157-A08D-0DFE4CA9D134}.Debug|x64.Build.0 = Debug|Any CPU
		{769FAE59-C94D-4157-A08D-0DFE4CA9D134}.Debug|x86.ActiveCfg = Debug|Any CPU
		{769FAE59-C94D-4157-A08D-0DFE4CA9D134}.Debug|x86.Build.0 = Debug|Any CPU
		{769FAE59-C94D-4157-A08D-0DFE4CA9D134}.Release|Any CPU.ActiveCfg = Release|Any CPU
		{769FAE59-C94D-4157-A08D-0DFE4CA9D134}.Release|Any CPU.Build.0 = Release|Any CPU
		{769FAE59-C94D-4157-A08D-0DFE4CA9D134}.Release|x64.ActiveCfg = Release|Any CPU
		{769FAE59-C94D-4157-A08D-0DFE4CA9D134}.Release|x64.Build.0 = Release|Any CPU
		{769FAE59-C94D-4157-A08D-0DFE4CA9D134}.Release|x86.ActiveCfg = Release|Any CPU
		{769FAE59-C94D-4157-A08D-0DFE4CA9D134}.Release|x86.Build.0 = Release|Any CPU
	EndGlobalSection
	GlobalSection(SolutionProperties) = preSolution
		HideSolutionNode = FALSE
	EndGlobalSection
	GlobalSection(ExtensibilityGlobals) = postSolution
		SolutionGuid = {2DF2E8BD-DC19-4543-A55E-92DA83C2B655}
	EndGlobalSection
EndGlobal
