
Microsoft Visual Studio Solution File, Format Version 12.00
# Visual Studio Version 17
VisualStudioVersion = 17.5.2.0
MinimumVisualStudioVersion = 10.0.40219.1
Project("{FAE04EC0-301F-11D3-BF4B-00C04F79EFBC}") = "helloName", "helloName\helloName.csproj", "{D0A65A93-87B7-55F4-C007-ADE4DBD010F2}"
EndProject
Project("{FAE04EC0-301F-11D3-BF4B-00C04F79EFBC}") = "MembersOfPrimitiveTypes", "MembersOfPrimitiveTypes\MembersOfPrimitiveTypes.csproj", "{E661FF1D-2F62-4775-AD88-F58564F149F2}"
EndProject
Project("{FAE04EC0-301F-11D3-BF4B-00C04F79EFBC}") = "DateTime", "DateTime\DateTime.csproj", "{EFE71637-0CBE-4941-A945-26DB3A9769BC}"
EndProject
Project("{FAE04EC0-301F-11D3-BF4B-00C04F79EFBC}") = "Switch", "Switch\Switch.csproj", "{99ED0ED7-5616-40AB-A920-FCE92DEA3641}"
EndProject
Project("{FAE04EC0-301F-11D3-BF4B-00C04F79EFBC}") = "Methods", "Methods\Methods.csproj", "{02975206-4F0C-4876-9AEB-843F2D16802C}"
EndProject
Project("{FAE04EC0-301F-11D3-BF4B-00C04F79EFBC}") = "ClassesAndObjects", "ClassesAndObjects\ClassesAndObjects.csproj", "{3E559913-1F2D-4151-BC03-8A3FA6377D1E}"
EndProject
Project("{FAE04EC0-301F-11D3-BF4B-00C04F79EFBC}") = "ValueTypesAndRefTypes", "ValueTypesAndRefTypes\ValueTypesAndRefTypes.csproj", "{C24F4CCD-1B1E-488B-AB62-33A9BBE3FF3F}"
EndProject
Project("{FAE04EC0-301F-11D3-BF4B-00C04F79EFBC}") = "WorkingWithNamespaces", "WorkingWithNamespaces\WorkingWithNamespaces.csproj", "{2E8DCCBF-0E65-4E10-8093-07DAC9C81F9F}"
EndProject
Project("{FAE04EC0-301F-11D3-BF4B-00C04F79EFBC}") = "StaticUsage", "StaticUsage\StaticUsage.csproj", "{3642AAC6-C6E8-4578-A58B-87A10519E922}"
EndProject
Project("{FAE04EC0-301F-11D3-BF4B-00C04F79EFBC}") = "ClassProperties", "ClassProperties\ClassProperties.csproj", "{A4EE73B6-0C3D-4E69-8B3C-A019DBDC81F9}"
EndProject
Project("{FAE04EC0-301F-11D3-BF4B-00C04F79EFBC}") = "Inheritance", "Inheritance\Inheritance.csproj", "{7BABE945-7D8B-4E91-AB64-13E8C17B6C89}"
EndProject
Project("{FAE04EC0-301F-11D3-BF4B-00C04F79EFBC}") = "Polymorphism", "Polymorphism\Polymorphism.csproj", "{31417A60-BD10-47DB-9DEE-88F6EF536D4A}"
EndProject
Project("{FAE04EC0-301F-11D3-BF4B-00C04F79EFBC}") = "Interface", "Interface\Interface.csproj", "{4CA05F82-DC4C-465B-A95F-DB7680B24D7A}"
EndProject
Project("{FAE04EC0-301F-11D3-BF4B-00C04F79EFBC}") = "UnitTests", "UnitTests\UnitTests.csproj", "{78EFC67C-8E71-4B7B-8CB9-304E7EAFEBBF}"
EndProject
Project("{FAE04EC0-301F-11D3-BF4B-00C04F79EFBC}") = "UnitTests.Tests", "UnitTests.Tests\UnitTests.Tests.csproj", "{38A0E673-6AD0-49FB-878E-602B47B9401C}"
EndProject
Project("{FAE04EC0-301F-11D3-BF4B-00C04F79EFBC}") = "FileSystem", "FileSystem\FileSystem.csproj", "{9B06EEDE-61E1-438F-A5DF-C7A0E6F1C7C0}"
EndProject
Project("{FAE04EC0-301F-11D3-BF4B-00C04F79EFBC}") = "HandlingExceptions", "HandlingExceptions\HandlingExceptions.csproj", "{161745A6-E635-4FA2-93D8-EC37F00189D8}"
EndProject
Project("{FAE04EC0-301F-11D3-BF4B-00C04F79EFBC}") = "MyShop.Inventory", "MyShop.Inventory\MyShop.Inventory.csproj", "{19A2B044-3FB2-42A5-99E3-7E987A5AE759}"
EndProject
Project("{FAE04EC0-301F-11D3-BF4B-00C04F79EFBC}") = "LinkedList", "LinkedList\LinkedList.csproj", "{2B65E83D-F2D9-48AB-B57F-7F66675A8E3A}"
EndProject
Project("{FAE04EC0-301F-11D3-BF4B-00C04F79EFBC}") = "Queue", "Queue\Queue.csproj", "{F09116B1-DE9B-4538-BCC4-E508A754EBC2}"
EndProject
Project("{FAE04EC0-301F-11D3-BF4B-00C04F79EFBC}") = "WebApiFirst", "WebApiFirst\WebApiFirst.csproj", "{8441F3DB-6E24-462B-A54C-D080996B6FE5}"
EndProject
Global
	GlobalSection(SolutionConfigurationPlatforms) = preSolution
		Debug|Any CPU = Debug|Any CPU
		Debug|x64 = Debug|x64
		Debug|x86 = Debug|x86
		Release|Any CPU = Release|Any CPU
		Release|x64 = Release|x64
		Release|x86 = Release|x86
	EndGlobalSection
	GlobalSection(ProjectConfigurationPlatforms) = postSolution
		{D0A65A93-87B7-55F4-C007-ADE4DBD010F2}.Debug|Any CPU.ActiveCfg = Debug|Any CPU
		{D0A65A93-87B7-55F4-C007-ADE4DBD010F2}.Debug|Any CPU.Build.0 = Debug|Any CPU
		{D0A65A93-87B7-55F4-C007-ADE4DBD010F2}.Debug|x64.ActiveCfg = Debug|Any CPU
		{D0A65A93-87B7-55F4-C007-ADE4DBD010F2}.Debug|x64.Build.0 = Debug|Any CPU
		{D0A65A93-87B7-55F4-C007-ADE4DBD010F2}.Debug|x86.ActiveCfg = Debug|Any CPU
		{D0A65A93-87B7-55F4-C007-ADE4DBD010F2}.Debug|x86.Build.0 = Debug|Any CPU
		{D0A65A93-87B7-55F4-C007-ADE4DBD010F2}.Release|Any CPU.ActiveCfg = Release|Any CPU
		{D0A65A93-87B7-55F4-C007-ADE4DBD010F2}.Release|Any CPU.Build.0 = Release|Any CPU
		{D0A65A93-87B7-55F4-C007-ADE4DBD010F2}.Release|x64.ActiveCfg = Release|Any CPU
		{D0A65A93-87B7-55F4-C007-ADE4DBD010F2}.Release|x64.Build.0 = Release|Any CPU
		{D0A65A93-87B7-55F4-C007-ADE4DBD010F2}.Release|x86.ActiveCfg = Release|Any CPU
		{D0A65A93-87B7-55F4-C007-ADE4DBD010F2}.Release|x86.Build.0 = Release|Any CPU
		{E661FF1D-2F62-4775-AD88-F58564F149F2}.Debug|Any CPU.ActiveCfg = Debug|Any CPU
		{E661FF1D-2F62-4775-AD88-F58564F149F2}.Debug|Any CPU.Build.0 = Debug|Any CPU
		{E661FF1D-2F62-4775-AD88-F58564F149F2}.Debug|x64.ActiveCfg = Debug|Any CPU
		{E661FF1D-2F62-4775-AD88-F58564F149F2}.Debug|x64.Build.0 = Debug|Any CPU
		{E661FF1D-2F62-4775-AD88-F58564F149F2}.Debug|x86.ActiveCfg = Debug|Any CPU
		{E661FF1D-2F62-4775-AD88-F58564F149F2}.Debug|x86.Build.0 = Debug|Any CPU
		{E661FF1D-2F62-4775-AD88-F58564F149F2}.Release|Any CPU.ActiveCfg = Release|Any CPU
		{E661FF1D-2F62-4775-AD88-F58564F149F2}.Release|Any CPU.Build.0 = Release|Any CPU
		{E661FF1D-2F62-4775-AD88-F58564F149F2}.Release|x64.ActiveCfg = Release|Any CPU
		{E661FF1D-2F62-4775-AD88-F58564F149F2}.Release|x64.Build.0 = Release|Any CPU
		{E661FF1D-2F62-4775-AD88-F58564F149F2}.Release|x86.ActiveCfg = Release|Any CPU
		{E661FF1D-2F62-4775-AD88-F58564F149F2}.Release|x86.Build.0 = Release|Any CPU
		{EFE71637-0CBE-4941-A945-26DB3A9769BC}.Debug|Any CPU.ActiveCfg = Debug|Any CPU
		{EFE71637-0CBE-4941-A945-26DB3A9769BC}.Debug|Any CPU.Build.0 = Debug|Any CPU
		{EFE71637-0CBE-4941-A945-26DB3A9769BC}.Debug|x64.ActiveCfg = Debug|Any CPU
		{EFE71637-0CBE-4941-A945-26DB3A9769BC}.Debug|x64.Build.0 = Debug|Any CPU
		{EFE71637-0CBE-4941-A945-26DB3A9769BC}.Debug|x86.ActiveCfg = Debug|Any CPU
		{EFE71637-0CBE-4941-A945-26DB3A9769BC}.Debug|x86.Build.0 = Debug|Any CPU
		{EFE71637-0CBE-4941-A945-26DB3A9769BC}.Release|Any CPU.ActiveCfg = Release|Any CPU
		{EFE71637-0CBE-4941-A945-26DB3A9769BC}.Release|Any CPU.Build.0 = Release|Any CPU
		{EFE71637-0CBE-4941-A945-26DB3A9769BC}.Release|x64.ActiveCfg = Release|Any CPU
		{EFE71637-0CBE-4941-A945-26DB3A9769BC}.Release|x64.Build.0 = Release|Any CPU
		{EFE71637-0CBE-4941-A945-26DB3A9769BC}.Release|x86.ActiveCfg = Release|Any CPU
		{EFE71637-0CBE-4941-A945-26DB3A9769BC}.Release|x86.Build.0 = Release|Any CPU
		{99ED0ED7-5616-40AB-A920-FCE92DEA3641}.Debug|Any CPU.ActiveCfg = Debug|Any CPU
		{99ED0ED7-5616-40AB-A920-FCE92DEA3641}.Debug|Any CPU.Build.0 = Debug|Any CPU
		{99ED0ED7-5616-40AB-A920-FCE92DEA3641}.Debug|x64.ActiveCfg = Debug|Any CPU
		{99ED0ED7-5616-40AB-A920-FCE92DEA3641}.Debug|x64.Build.0 = Debug|Any CPU
		{99ED0ED7-5616-40AB-A920-FCE92DEA3641}.Debug|x86.ActiveCfg = Debug|Any CPU
		{99ED0ED7-5616-40AB-A920-FCE92DEA3641}.Debug|x86.Build.0 = Debug|Any CPU
		{99ED0ED7-5616-40AB-A920-FCE92DEA3641}.Release|Any CPU.ActiveCfg = Release|Any CPU
		{99ED0ED7-5616-40AB-A920-FCE92DEA3641}.Release|Any CPU.Build.0 = Release|Any CPU
		{99ED0ED7-5616-40AB-A920-FCE92DEA3641}.Release|x64.ActiveCfg = Release|Any CPU
		{99ED0ED7-5616-40AB-A920-FCE92DEA3641}.Release|x64.Build.0 = Release|Any CPU
		{99ED0ED7-5616-40AB-A920-FCE92DEA3641}.Release|x86.ActiveCfg = Release|Any CPU
		{99ED0ED7-5616-40AB-A920-FCE92DEA3641}.Release|x86.Build.0 = Release|Any CPU
		{02975206-4F0C-4876-9AEB-843F2D16802C}.Debug|Any CPU.ActiveCfg = Debug|Any CPU
		{02975206-4F0C-4876-9AEB-843F2D16802C}.Debug|Any CPU.Build.0 = Debug|Any CPU
		{02975206-4F0C-4876-9AEB-843F2D16802C}.Debug|x64.ActiveCfg = Debug|Any CPU
		{02975206-4F0C-4876-9AEB-843F2D16802C}.Debug|x64.Build.0 = Debug|Any CPU
		{02975206-4F0C-4876-9AEB-843F2D16802C}.Debug|x86.ActiveCfg = Debug|Any CPU
		{02975206-4F0C-4876-9AEB-843F2D16802C}.Debug|x86.Build.0 = Debug|Any CPU
		{02975206-4F0C-4876-9AEB-843F2D16802C}.Release|Any CPU.ActiveCfg = Release|Any CPU
		{02975206-4F0C-4876-9AEB-843F2D16802C}.Release|Any CPU.Build.0 = Release|Any CPU
		{02975206-4F0C-4876-9AEB-843F2D16802C}.Release|x64.ActiveCfg = Release|Any CPU
		{02975206-4F0C-4876-9AEB-843F2D16802C}.Release|x64.Build.0 = Release|Any CPU
		{02975206-4F0C-4876-9AEB-843F2D16802C}.Release|x86.ActiveCfg = Release|Any CPU
		{02975206-4F0C-4876-9AEB-843F2D16802C}.Release|x86.Build.0 = Release|Any CPU
		{3E559913-1F2D-4151-BC03-8A3FA6377D1E}.Debug|Any CPU.ActiveCfg = Debug|Any CPU
		{3E559913-1F2D-4151-BC03-8A3FA6377D1E}.Debug|Any CPU.Build.0 = Debug|Any CPU
		{3E559913-1F2D-4151-BC03-8A3FA6377D1E}.Debug|x64.ActiveCfg = Debug|Any CPU
		{3E559913-1F2D-4151-BC03-8A3FA6377D1E}.Debug|x64.Build.0 = Debug|Any CPU
		{3E559913-1F2D-4151-BC03-8A3FA6377D1E}.Debug|x86.ActiveCfg = Debug|Any CPU
		{3E559913-1F2D-4151-BC03-8A3FA6377D1E}.Debug|x86.Build.0 = Debug|Any CPU
		{3E559913-1F2D-4151-BC03-8A3FA6377D1E}.Release|Any CPU.ActiveCfg = Release|Any CPU
		{3E559913-1F2D-4151-BC03-8A3FA6377D1E}.Release|Any CPU.Build.0 = Release|Any CPU
		{3E559913-1F2D-4151-BC03-8A3FA6377D1E}.Release|x64.ActiveCfg = Release|Any CPU
		{3E559913-1F2D-4151-BC03-8A3FA6377D1E}.Release|x64.Build.0 = Release|Any CPU
		{3E559913-1F2D-4151-BC03-8A3FA6377D1E}.Release|x86.ActiveCfg = Release|Any CPU
		{3E559913-1F2D-4151-BC03-8A3FA6377D1E}.Release|x86.Build.0 = Release|Any CPU
		{C24F4CCD-1B1E-488B-AB62-33A9BBE3FF3F}.Debug|Any CPU.ActiveCfg = Debug|Any CPU
		{C24F4CCD-1B1E-488B-AB62-33A9BBE3FF3F}.Debug|Any CPU.Build.0 = Debug|Any CPU
		{C24F4CCD-1B1E-488B-AB62-33A9BBE3FF3F}.Debug|x64.ActiveCfg = Debug|Any CPU
		{C24F4CCD-1B1E-488B-AB62-33A9BBE3FF3F}.Debug|x64.Build.0 = Debug|Any CPU
		{C24F4CCD-1B1E-488B-AB62-33A9BBE3FF3F}.Debug|x86.ActiveCfg = Debug|Any CPU
		{C24F4CCD-1B1E-488B-AB62-33A9BBE3FF3F}.Debug|x86.Build.0 = Debug|Any CPU
		{C24F4CCD-1B1E-488B-AB62-33A9BBE3FF3F}.Release|Any CPU.ActiveCfg = Release|Any CPU
		{C24F4CCD-1B1E-488B-AB62-33A9BBE3FF3F}.Release|Any CPU.Build.0 = Release|Any CPU
		{C24F4CCD-1B1E-488B-AB62-33A9BBE3FF3F}.Release|x64.ActiveCfg = Release|Any CPU
		{C24F4CCD-1B1E-488B-AB62-33A9BBE3FF3F}.Release|x64.Build.0 = Release|Any CPU
		{C24F4CCD-1B1E-488B-AB62-33A9BBE3FF3F}.Release|x86.ActiveCfg = Release|Any CPU
		{C24F4CCD-1B1E-488B-AB62-33A9BBE3FF3F}.Release|x86.Build.0 = Release|Any CPU
		{2E8DCCBF-0E65-4E10-8093-07DAC9C81F9F}.Debug|Any CPU.ActiveCfg = Debug|Any CPU
		{2E8DCCBF-0E65-4E10-8093-07DAC9C81F9F}.Debug|Any CPU.Build.0 = Debug|Any CPU
		{2E8DCCBF-0E65-4E10-8093-07DAC9C81F9F}.Debug|x64.ActiveCfg = Debug|Any CPU
		{2E8DCCBF-0E65-4E10-8093-07DAC9C81F9F}.Debug|x64.Build.0 = Debug|Any CPU
		{2E8DCCBF-0E65-4E10-8093-07DAC9C81F9F}.Debug|x86.ActiveCfg = Debug|Any CPU
		{2E8DCCBF-0E65-4E10-8093-07DAC9C81F9F}.Debug|x86.Build.0 = Debug|Any CPU
		{2E8DCCBF-0E65-4E10-8093-07DAC9C81F9F}.Release|Any CPU.ActiveCfg = Release|Any CPU
		{2E8DCCBF-0E65-4E10-8093-07DAC9C81F9F}.Release|Any CPU.Build.0 = Release|Any CPU
		{2E8DCCBF-0E65-4E10-8093-07DAC9C81F9F}.Release|x64.ActiveCfg = Release|Any CPU
		{2E8DCCBF-0E65-4E10-8093-07DAC9C81F9F}.Release|x64.Build.0 = Release|Any CPU
		{2E8DCCBF-0E65-4E10-8093-07DAC9C81F9F}.Release|x86.ActiveCfg = Release|Any CPU
		{2E8DCCBF-0E65-4E10-8093-07DAC9C81F9F}.Release|x86.Build.0 = Release|Any CPU
		{3642AAC6-C6E8-4578-A58B-87A10519E922}.Debug|Any CPU.ActiveCfg = Debug|Any CPU
		{3642AAC6-C6E8-4578-A58B-87A10519E922}.Debug|Any CPU.Build.0 = Debug|Any CPU
		{3642AAC6-C6E8-4578-A58B-87A10519E922}.Debug|x64.ActiveCfg = Debug|Any CPU
		{3642AAC6-C6E8-4578-A58B-87A10519E922}.Debug|x64.Build.0 = Debug|Any CPU
		{3642AAC6-C6E8-4578-A58B-87A10519E922}.Debug|x86.ActiveCfg = Debug|Any CPU
		{3642AAC6-C6E8-4578-A58B-87A10519E922}.Debug|x86.Build.0 = Debug|Any CPU
		{3642AAC6-C6E8-4578-A58B-87A10519E922}.Release|Any CPU.ActiveCfg = Release|Any CPU
		{3642AAC6-C6E8-4578-A58B-87A10519E922}.Release|Any CPU.Build.0 = Release|Any CPU
		{3642AAC6-C6E8-4578-A58B-87A10519E922}.Release|x64.ActiveCfg = Release|Any CPU
		{3642AAC6-C6E8-4578-A58B-87A10519E922}.Release|x64.Build.0 = Release|Any CPU
		{3642AAC6-C6E8-4578-A58B-87A10519E922}.Release|x86.ActiveCfg = Release|Any CPU
		{3642AAC6-C6E8-4578-A58B-87A10519E922}.Release|x86.Build.0 = Release|Any CPU
		{A4EE73B6-0C3D-4E69-8B3C-A019DBDC81F9}.Debug|Any CPU.ActiveCfg = Debug|Any CPU
		{A4EE73B6-0C3D-4E69-8B3C-A019DBDC81F9}.Debug|Any CPU.Build.0 = Debug|Any CPU
		{A4EE73B6-0C3D-4E69-8B3C-A019DBDC81F9}.Debug|x64.ActiveCfg = Debug|Any CPU
		{A4EE73B6-0C3D-4E69-8B3C-A019DBDC81F9}.Debug|x64.Build.0 = Debug|Any CPU
		{A4EE73B6-0C3D-4E69-8B3C-A019DBDC81F9}.Debug|x86.ActiveCfg = Debug|Any CPU
		{A4EE73B6-0C3D-4E69-8B3C-A019DBDC81F9}.Debug|x86.Build.0 = Debug|Any CPU
		{A4EE73B6-0C3D-4E69-8B3C-A019DBDC81F9}.Release|Any CPU.ActiveCfg = Release|Any CPU
		{A4EE73B6-0C3D-4E69-8B3C-A019DBDC81F9}.Release|Any CPU.Build.0 = Release|Any CPU
		{A4EE73B6-0C3D-4E69-8B3C-A019DBDC81F9}.Release|x64.ActiveCfg = Release|Any CPU
		{A4EE73B6-0C3D-4E69-8B3C-A019DBDC81F9}.Release|x64.Build.0 = Release|Any CPU
		{A4EE73B6-0C3D-4E69-8B3C-A019DBDC81F9}.Release|x86.ActiveCfg = Release|Any CPU
		{A4EE73B6-0C3D-4E69-8B3C-A019DBDC81F9}.Release|x86.Build.0 = Release|Any CPU
		{7BABE945-7D8B-4E91-AB64-13E8C17B6C89}.Debug|Any CPU.ActiveCfg = Debug|Any CPU
		{7BABE945-7D8B-4E91-AB64-13E8C17B6C89}.Debug|Any CPU.Build.0 = Debug|Any CPU
		{7BABE945-7D8B-4E91-AB64-13E8C17B6C89}.Debug|x64.ActiveCfg = Debug|Any CPU
		{7BABE945-7D8B-4E91-AB64-13E8C17B6C89}.Debug|x64.Build.0 = Debug|Any CPU
		{7BABE945-7D8B-4E91-AB64-13E8C17B6C89}.Debug|x86.ActiveCfg = Debug|Any CPU
		{7BABE945-7D8B-4E91-AB64-13E8C17B6C89}.Debug|x86.Build.0 = Debug|Any CPU
		{7BABE945-7D8B-4E91-AB64-13E8C17B6C89}.Release|Any CPU.ActiveCfg = Release|Any CPU
		{7BABE945-7D8B-4E91-AB64-13E8C17B6C89}.Release|Any CPU.Build.0 = Release|Any CPU
		{7BABE945-7D8B-4E91-AB64-13E8C17B6C89}.Release|x64.ActiveCfg = Release|Any CPU
		{7BABE945-7D8B-4E91-AB64-13E8C17B6C89}.Release|x64.Build.0 = Release|Any CPU
		{7BABE945-7D8B-4E91-AB64-13E8C17B6C89}.Release|x86.ActiveCfg = Release|Any CPU
		{7BABE945-7D8B-4E91-AB64-13E8C17B6C89}.Release|x86.Build.0 = Release|Any CPU
		{31417A60-BD10-47DB-9DEE-88F6EF536D4A}.Debug|Any CPU.ActiveCfg = Debug|Any CPU
		{31417A60-BD10-47DB-9DEE-88F6EF536D4A}.Debug|Any CPU.Build.0 = Debug|Any CPU
		{31417A60-BD10-47DB-9DEE-88F6EF536D4A}.Debug|x64.ActiveCfg = Debug|Any CPU
		{31417A60-BD10-47DB-9DEE-88F6EF536D4A}.Debug|x64.Build.0 = Debug|Any CPU
		{31417A60-BD10-47DB-9DEE-88F6EF536D4A}.Debug|x86.ActiveCfg = Debug|Any CPU
		{31417A60-BD10-47DB-9DEE-88F6EF536D4A}.Debug|x86.Build.0 = Debug|Any CPU
		{31417A60-BD10-47DB-9DEE-88F6EF536D4A}.Release|Any CPU.ActiveCfg = Release|Any CPU
		{31417A60-BD10-47DB-9DEE-88F6EF536D4A}.Release|Any CPU.Build.0 = Release|Any CPU
		{31417A60-BD10-47DB-9DEE-88F6EF536D4A}.Release|x64.ActiveCfg = Release|Any CPU
		{31417A60-BD10-47DB-9DEE-88F6EF536D4A}.Release|x64.Build.0 = Release|Any CPU
		{31417A60-BD10-47DB-9DEE-88F6EF536D4A}.Release|x86.ActiveCfg = Release|Any CPU
		{31417A60-BD10-47DB-9DEE-88F6EF536D4A}.Release|x86.Build.0 = Release|Any CPU
		{4CA05F82-DC4C-465B-A95F-DB7680B24D7A}.Debug|Any CPU.ActiveCfg = Debug|Any CPU
		{4CA05F82-DC4C-465B-A95F-DB7680B24D7A}.Debug|Any CPU.Build.0 = Debug|Any CPU
		{4CA05F82-DC4C-465B-A95F-DB7680B24D7A}.Debug|x64.ActiveCfg = Debug|Any CPU
		{4CA05F82-DC4C-465B-A95F-DB7680B24D7A}.Debug|x64.Build.0 = Debug|Any CPU
		{4CA05F82-DC4C-465B-A95F-DB7680B24D7A}.Debug|x86.ActiveCfg = Debug|Any CPU
		{4CA05F82-DC4C-465B-A95F-DB7680B24D7A}.Debug|x86.Build.0 = Debug|Any CPU
		{4CA05F82-DC4C-465B-A95F-DB7680B24D7A}.Release|Any CPU.ActiveCfg = Release|Any CPU
		{4CA05F82-DC4C-465B-A95F-DB7680B24D7A}.Release|Any CPU.Build.0 = Release|Any CPU
		{4CA05F82-DC4C-465B-A95F-DB7680B24D7A}.Release|x64.ActiveCfg = Release|Any CPU
		{4CA05F82-DC4C-465B-A95F-DB7680B24D7A}.Release|x64.Build.0 = Release|Any CPU
		{4CA05F82-DC4C-465B-A95F-DB7680B24D7A}.Release|x86.ActiveCfg = Release|Any CPU
		{4CA05F82-DC4C-465B-A95F-DB7680B24D7A}.Release|x86.Build.0 = Release|Any CPU
		{78EFC67C-8E71-4B7B-8CB9-304E7EAFEBBF}.Debug|Any CPU.ActiveCfg = Debug|Any CPU
		{78EFC67C-8E71-4B7B-8CB9-304E7EAFEBBF}.Debug|Any CPU.Build.0 = Debug|Any CPU
		{78EFC67C-8E71-4B7B-8CB9-304E7EAFEBBF}.Debug|x64.ActiveCfg = Debug|Any CPU
		{78EFC67C-8E71-4B7B-8CB9-304E7EAFEBBF}.Debug|x64.Build.0 = Debug|Any CPU
		{78EFC67C-8E71-4B7B-8CB9-304E7EAFEBBF}.Debug|x86.ActiveCfg = Debug|Any CPU
		{78EFC67C-8E71-4B7B-8CB9-304E7EAFEBBF}.Debug|x86.Build.0 = Debug|Any CPU
		{78EFC67C-8E71-4B7B-8CB9-304E7EAFEBBF}.Release|Any CPU.ActiveCfg = Release|Any CPU
		{78EFC67C-8E71-4B7B-8CB9-304E7EAFEBBF}.Release|Any CPU.Build.0 = Release|Any CPU
		{78EFC67C-8E71-4B7B-8CB9-304E7EAFEBBF}.Release|x64.ActiveCfg = Release|Any CPU
		{78EFC67C-8E71-4B7B-8CB9-304E7EAFEBBF}.Release|x64.Build.0 = Release|Any CPU
		{78EFC67C-8E71-4B7B-8CB9-304E7EAFEBBF}.Release|x86.ActiveCfg = Release|Any CPU
		{78EFC67C-8E71-4B7B-8CB9-304E7EAFEBBF}.Release|x86.Build.0 = Release|Any CPU
		{38A0E673-6AD0-49FB-878E-602B47B9401C}.Debug|Any CPU.ActiveCfg = Debug|Any CPU
		{38A0E673-6AD0-49FB-878E-602B47B9401C}.Debug|Any CPU.Build.0 = Debug|Any CPU
		{38A0E673-6AD0-49FB-878E-602B47B9401C}.Debug|x64.ActiveCfg = Debug|Any CPU
		{38A0E673-6AD0-49FB-878E-602B47B9401C}.Debug|x64.Build.0 = Debug|Any CPU
		{38A0E673-6AD0-49FB-878E-602B47B9401C}.Debug|x86.ActiveCfg = Debug|Any CPU
		{38A0E673-6AD0-49FB-878E-602B47B9401C}.Debug|x86.Build.0 = Debug|Any CPU
		{38A0E673-6AD0-49FB-878E-602B47B9401C}.Release|Any CPU.ActiveCfg = Release|Any CPU
		{38A0E673-6AD0-49FB-878E-602B47B9401C}.Release|Any CPU.Build.0 = Release|Any CPU
		{38A0E673-6AD0-49FB-878E-602B47B9401C}.Release|x64.ActiveCfg = Release|Any CPU
		{38A0E673-6AD0-49FB-878E-602B47B9401C}.Release|x64.Build.0 = Release|Any CPU
		{38A0E673-6AD0-49FB-878E-602B47B9401C}.Release|x86.ActiveCfg = Release|Any CPU
		{38A0E673-6AD0-49FB-878E-602B47B9401C}.Release|x86.Build.0 = Release|Any CPU
		{9B06EEDE-61E1-438F-A5DF-C7A0E6F1C7C0}.Debug|Any CPU.ActiveCfg = Debug|Any CPU
		{9B06EEDE-61E1-438F-A5DF-C7A0E6F1C7C0}.Debug|Any CPU.Build.0 = Debug|Any CPU
		{9B06EEDE-61E1-438F-A5DF-C7A0E6F1C7C0}.Debug|x64.ActiveCfg = Debug|Any CPU
		{9B06EEDE-61E1-438F-A5DF-C7A0E6F1C7C0}.Debug|x64.Build.0 = Debug|Any CPU
		{9B06EEDE-61E1-438F-A5DF-C7A0E6F1C7C0}.Debug|x86.ActiveCfg = Debug|Any CPU
		{9B06EEDE-61E1-438F-A5DF-C7A0E6F1C7C0}.Debug|x86.Build.0 = Debug|Any CPU
		{9B06EEDE-61E1-438F-A5DF-C7A0E6F1C7C0}.Release|Any CPU.ActiveCfg = Release|Any CPU
		{9B06EEDE-61E1-438F-A5DF-C7A0E6F1C7C0}.Release|Any CPU.Build.0 = Release|Any CPU
		{9B06EEDE-61E1-438F-A5DF-C7A0E6F1C7C0}.Release|x64.ActiveCfg = Release|Any CPU
		{9B06EEDE-61E1-438F-A5DF-C7A0E6F1C7C0}.Release|x64.Build.0 = Release|Any CPU
		{9B06EEDE-61E1-438F-A5DF-C7A0E6F1C7C0}.Release|x86.ActiveCfg = Release|Any CPU
		{9B06EEDE-61E1-438F-A5DF-C7A0E6F1C7C0}.Release|x86.Build.0 = Release|Any CPU
		{161745A6-E635-4FA2-93D8-EC37F00189D8}.Debug|Any CPU.ActiveCfg = Debug|Any CPU
		{161745A6-E635-4FA2-93D8-EC37F00189D8}.Debug|Any CPU.Build.0 = Debug|Any CPU
		{161745A6-E635-4FA2-93D8-EC37F00189D8}.Debug|x64.ActiveCfg = Debug|Any CPU
		{161745A6-E635-4FA2-93D8-EC37F00189D8}.Debug|x64.Build.0 = Debug|Any CPU
		{161745A6-E635-4FA2-93D8-EC37F00189D8}.Debug|x86.ActiveCfg = Debug|Any CPU
		{161745A6-E635-4FA2-93D8-EC37F00189D8}.Debug|x86.Build.0 = Debug|Any CPU
		{161745A6-E635-4FA2-93D8-EC37F00189D8}.Release|Any CPU.ActiveCfg = Release|Any CPU
		{161745A6-E635-4FA2-93D8-EC37F00189D8}.Release|Any CPU.Build.0 = Release|Any CPU
		{161745A6-E635-4FA2-93D8-EC37F00189D8}.Release|x64.ActiveCfg = Release|Any CPU
		{161745A6-E635-4FA2-93D8-EC37F00189D8}.Release|x64.Build.0 = Release|Any CPU
		{161745A6-E635-4FA2-93D8-EC37F00189D8}.Release|x86.ActiveCfg = Release|Any CPU
		{161745A6-E635-4FA2-93D8-EC37F00189D8}.Release|x86.Build.0 = Release|Any CPU
		{19A2B044-3FB2-42A5-99E3-7E987A5AE759}.Debug|Any CPU.ActiveCfg = Debug|Any CPU
		{19A2B044-3FB2-42A5-99E3-7E987A5AE759}.Debug|Any CPU.Build.0 = Debug|Any CPU
		{19A2B044-3FB2-42A5-99E3-7E987A5AE759}.Debug|x64.ActiveCfg = Debug|Any CPU
		{19A2B044-3FB2-42A5-99E3-7E987A5AE759}.Debug|x64.Build.0 = Debug|Any CPU
		{19A2B044-3FB2-42A5-99E3-7E987A5AE759}.Debug|x86.ActiveCfg = Debug|Any CPU
		{19A2B044-3FB2-42A5-99E3-7E987A5AE759}.Debug|x86.Build.0 = Debug|Any CPU
		{19A2B044-3FB2-42A5-99E3-7E987A5AE759}.Release|Any CPU.ActiveCfg = Release|Any CPU
		{19A2B044-3FB2-42A5-99E3-7E987A5AE759}.Release|Any CPU.Build.0 = Release|Any CPU
		{19A2B044-3FB2-42A5-99E3-7E987A5AE759}.Release|x64.ActiveCfg = Release|Any CPU
		{19A2B044-3FB2-42A5-99E3-7E987A5AE759}.Release|x64.Build.0 = Release|Any CPU
		{19A2B044-3FB2-42A5-99E3-7E987A5AE759}.Release|x86.ActiveCfg = Release|Any CPU
		{19A2B044-3FB2-42A5-99E3-7E987A5AE759}.Release|x86.Build.0 = Release|Any CPU
		{2B65E83D-F2D9-48AB-B57F-7F66675A8E3A}.Debug|Any CPU.ActiveCfg = Debug|Any CPU
		{2B65E83D-F2D9-48AB-B57F-7F66675A8E3A}.Debug|Any CPU.Build.0 = Debug|Any CPU
		{2B65E83D-F2D9-48AB-B57F-7F66675A8E3A}.Debug|x64.ActiveCfg = Debug|Any CPU
		{2B65E83D-F2D9-48AB-B57F-7F66675A8E3A}.Debug|x64.Build.0 = Debug|Any CPU
		{2B65E83D-F2D9-48AB-B57F-7F66675A8E3A}.Debug|x86.ActiveCfg = Debug|Any CPU
		{2B65E83D-F2D9-48AB-B57F-7F66675A8E3A}.Debug|x86.Build.0 = Debug|Any CPU
		{2B65E83D-F2D9-48AB-B57F-7F66675A8E3A}.Release|Any CPU.ActiveCfg = Release|Any CPU
		{2B65E83D-F2D9-48AB-B57F-7F66675A8E3A}.Release|Any CPU.Build.0 = Release|Any CPU
		{2B65E83D-F2D9-48AB-B57F-7F66675A8E3A}.Release|x64.ActiveCfg = Release|Any CPU
		{2B65E83D-F2D9-48AB-B57F-7F66675A8E3A}.Release|x64.Build.0 = Release|Any CPU
		{2B65E83D-F2D9-48AB-B57F-7F66675A8E3A}.Release|x86.ActiveCfg = Release|Any CPU
		{2B65E83D-F2D9-48AB-B57F-7F66675A8E3A}.Release|x86.Build.0 = Release|Any CPU
		{F09116B1-DE9B-4538-BCC4-E508A754EBC2}.Debug|Any CPU.ActiveCfg = Debug|Any CPU
		{F09116B1-DE9B-4538-BCC4-E508A754EBC2}.Debug|Any CPU.Build.0 = Debug|Any CPU
		{F09116B1-DE9B-4538-BCC4-E508A754EBC2}.Debug|x64.ActiveCfg = Debug|Any CPU
		{F09116B1-DE9B-4538-BCC4-E508A754EBC2}.Debug|x64.Build.0 = Debug|Any CPU
		{F09116B1-DE9B-4538-BCC4-E508A754EBC2}.Debug|x86.ActiveCfg = Debug|Any CPU
		{F09116B1-DE9B-4538-BCC4-E508A754EBC2}.Debug|x86.Build.0 = Debug|Any CPU
		{F09116B1-DE9B-4538-BCC4-E508A754EBC2}.Release|Any CPU.ActiveCfg = Release|Any CPU
		{F09116B1-DE9B-4538-BCC4-E508A754EBC2}.Release|Any CPU.Build.0 = Release|Any CPU
		{F09116B1-DE9B-4538-BCC4-E508A754EBC2}.Release|x64.ActiveCfg = Release|Any CPU
		{F09116B1-DE9B-4538-BCC4-E508A754EBC2}.Release|x64.Build.0 = Release|Any CPU
		{F09116B1-DE9B-4538-BCC4-E508A754EBC2}.Release|x86.ActiveCfg = Release|Any CPU
		{F09116B1-DE9B-4538-BCC4-E508A754EBC2}.Release|x86.Build.0 = Release|Any CPU
		{8441F3DB-6E24-462B-A54C-D080996B6FE5}.Debug|Any CPU.ActiveCfg = Debug|Any CPU
		{8441F3DB-6E24-462B-A54C-D080996B6FE5}.Debug|Any CPU.Build.0 = Debug|Any CPU
		{8441F3DB-6E24-462B-A54C-D080996B6FE5}.Debug|x64.ActiveCfg = Debug|Any CPU
		{8441F3DB-6E24-462B-A54C-D080996B6FE5}.Debug|x64.Build.0 = Debug|Any CPU
		{8441F3DB-6E24-462B-A54C-D080996B6FE5}.Debug|x86.ActiveCfg = Debug|Any CPU
		{8441F3DB-6E24-462B-A54C-D080996B6FE5}.Debug|x86.Build.0 = Debug|Any CPU
		{8441F3DB-6E24-462B-A54C-D080996B6FE5}.Release|Any CPU.ActiveCfg = Release|Any CPU
		{8441F3DB-6E24-462B-A54C-D080996B6FE5}.Release|Any CPU.Build.0 = Release|Any CPU
		{8441F3DB-6E24-462B-A54C-D080996B6FE5}.Release|x64.ActiveCfg = Release|Any CPU
		{8441F3DB-6E24-462B-A54C-D080996B6FE5}.Release|x64.Build.0 = Release|Any CPU
		{8441F3DB-6E24-462B-A54C-D080996B6FE5}.Release|x86.ActiveCfg = Release|Any CPU
		{8441F3DB-6E24-462B-A54C-D080996B6FE5}.Release|x86.Build.0 = Release|Any CPU
	EndGlobalSection
	GlobalSection(SolutionProperties) = preSolution
		HideSolutionNode = FALSE
	EndGlobalSection
	GlobalSection(ExtensibilityGlobals) = postSolution
		SolutionGuid = {8AFEB488-5CE0-4A2E-977C-BB8D9F6B41D4}
	EndGlobalSection
EndGlobal
