Microsoft Visual Studio Solution File, Format Version 12.00
# Visual Studio Version 17
VisualStudioVersion = 17.5.2.0
MinimumVisualStudioVersion = 10.0.40219.1
Project("{FAE04EC0-301F-11D3-BF4B-00C04F79EFBC}") = "2-FlowControl", "2-FlowControl.csproj", "{DE28A3A5-C0B2-BCFA-409A-0085BAEBFB5B}"
EndProject
Global
	GlobalSection(SolutionConfigurationPlatforms) = preSolution
		Debug|Any CPU = Debug|Any CPU
		Release|Any CPU = Release|Any CPU
	EndGlobalSection
	GlobalSection(ProjectConfigurationPlatforms) = postSolution
		{DE28A3A5-C0B2-BCFA-409A-0085BAEBFB5B}.Debug|Any CPU.ActiveCfg = Debug|Any CPU
		{DE28A3A5-C0B2-BCFA-409A-0085BAEBFB5B}.Debug|Any CPU.Build.0 = Debug|Any CPU
		{DE28A3A5-C0B2-BCFA-409A-0085BAEBFB5B}.Release|Any CPU.ActiveCfg = Release|Any CPU
		{DE28A3A5-C0B2-BCFA-409A-0085BAEBFB5B}.Release|Any CPU.Build.0 = Release|Any CPU
	EndGlobalSection
	GlobalSection(SolutionProperties) = preSolution
		HideSolutionNode = FALSE
	EndGlobalSection
	GlobalSection(ExtensibilityGlobals) = postSolution
		SolutionGuid = {395EFC29-5DC9-446B-A23A-8D883954A654}
	EndGlobalSection
EndGlobal
